
Microsoft Visual Studio Solution File, Format Version 12.00
# Visual Studio Version 17
VisualStudioVersion = 17.11.35219.272
MinimumVisualStudioVersion = 10.0.40219.1
Project("{8BC9CEB8-8B4A-11D0-8D11-00A0C91BC942}") = "test1", "test1\test1.vcxproj", "{BC8BEF42-F050-4820-A47B-760913B0782E}"
EndProject
Global
	GlobalSection(SolutionConfigurationPlatforms) = preSolution
		Debug|x64 = Debug|x64
		Debug|x86 = Debug|x86
		Release|x64 = Release|x64
		Release|x86 = Release|x86
	EndGlobalSection
	GlobalSection(ProjectConfigurationPlatforms) = postSolution
		{BC8BEF42-F050-4820-A47B-760913B0782E}.Debug|x64.ActiveCfg = Debug|x64
		{BC8BEF42-F050-4820-A47B-760913B0782E}.Debug|x64.Build.0 = Debug|x64
		{BC8BEF42-F050-4820-A47B-760913B0782E}.Debug|x86.ActiveCfg = Debug|Win32
		{BC8BEF42-F050-4820-A47B-760913B0782E}.Debug|x86.Build.0 = Debug|Win32
		{BC8BEF42-F050-4820-A47B-760913B0782E}.Release|x64.ActiveCfg = Release|x64
		{BC8BEF42-F050-4820-A47B-760913B0782E}.Release|x64.Build.0 = Release|x64
		{BC8BEF42-F050-4820-A47B-760913B0782E}.Release|x86.ActiveCfg = Release|Win32
		{BC8BEF42-F050-4820-A47B-760913B0782E}.Release|x86.Build.0 = Release|Win32
	EndGlobalSection
	GlobalSection(SolutionProperties) = preSolution
		HideSolutionNode = FALSE
	EndGlobalSection
	GlobalSection(ExtensibilityGlobals) = postSolution
		SolutionGuid = {6F2C47D3-B5B8-472D-97E9-55CFC9B6A23B}
	EndGlobalSection
EndGlobal
